
Microsoft Visual Studio Solution File, Format Version 12.00
# Visual Studio Version 17
VisualStudioVersion = 17.4.33205.214
MinimumVisualStudioVersion = 10.0.40219.1
Project("{FAE04EC0-301F-11D3-BF4B-00C04F79EFBC}") = "Calculator", "Calculator\Calculator.csproj", "{32FE82EC-F124-428D-8FB3-58A68B9E80CE}"
EndProject
Project("{FAE04EC0-301F-11D3-BF4B-00C04F79EFBC}") = "DebuggingApplication", "DebuggingApplication\DebuggingApplication.csproj", "{953FB3BA-EFDC-4224-88A7-51E3FC8B1CAA}"
EndProject
Global
	GlobalSection(SolutionConfigurationPlatforms) = preSolution
		Debug|Any CPU = Debug|Any CPU
		Release|Any CPU = Release|Any CPU
	EndGlobalSection
	GlobalSection(ProjectConfigurationPlatforms) = postSolution
		{32FE82EC-F124-428D-8FB3-58A68B9E80CE}.Debug|Any CPU.ActiveCfg = Debug|Any CPU
		{32FE82EC-F124-428D-8FB3-58A68B9E80CE}.Debug|Any CPU.Build.0 = Debug|Any CPU
		{32FE82EC-F124-428D-8FB3-58A68B9E80CE}.Release|Any CPU.ActiveCfg = Release|Any CPU
		{32FE82EC-F124-428D-8FB3-58A68B9E80CE}.Release|Any CPU.Build.0 = Release|Any CPU
		{953FB3BA-EFDC-4224-88A7-51E3FC8B1CAA}.Debug|Any CPU.ActiveCfg = Debug|Any CPU
		{953FB3BA-EFDC-4224-88A7-51E3FC8B1CAA}.Debug|Any CPU.Build.0 = Debug|Any CPU
		{953FB3BA-EFDC-4224-88A7-51E3FC8B1CAA}.Release|Any CPU.ActiveCfg = Release|Any CPU
		{953FB3BA-EFDC-4224-88A7-51E3FC8B1CAA}.Release|Any CPU.Build.0 = Release|Any CPU
	EndGlobalSection
	GlobalSection(SolutionProperties) = preSolution
		HideSolutionNode = FALSE
	EndGlobalSection
	GlobalSection(ExtensibilityGlobals) = postSolution
		SolutionGuid = {90D5EDC3-3BA8-4B77-9913-40FC473E16D8}
	EndGlobalSection
EndGlobal
