
Microsoft Visual Studio Solution File, Format Version 12.00
# Visual Studio Version 17
VisualStudioVersion = 17.4.33205.214
MinimumVisualStudioVersion = 10.0.40219.1
Project("{FAE04EC0-301F-11D3-BF4B-00C04F79EFBC}") = "Customer_Account", "Customer_Account\Customer_Account.csproj", "{890D94D3-A3E7-4086-A879-C223F55EAF7D}"
EndProject
Global
	GlobalSection(SolutionConfigurationPlatforms) = preSolution
		Debug|Any CPU = Debug|Any CPU
		Release|Any CPU = Release|Any CPU
	EndGlobalSection
	GlobalSection(ProjectConfigurationPlatforms) = postSolution
		{890D94D3-A3E7-4086-A879-C223F55EAF7D}.Debug|Any CPU.ActiveCfg = Debug|Any CPU
		{890D94D3-A3E7-4086-A879-C223F55EAF7D}.Debug|Any CPU.Build.0 = Debug|Any CPU
		{890D94D3-A3E7-4086-A879-C223F55EAF7D}.Release|Any CPU.ActiveCfg = Release|Any CPU
		{890D94D3-A3E7-4086-A879-C223F55EAF7D}.Release|Any CPU.Build.0 = Release|Any CPU
	EndGlobalSection
	GlobalSection(SolutionProperties) = preSolution
		HideSolutionNode = FALSE
	EndGlobalSection
	GlobalSection(ExtensibilityGlobals) = postSolution
		SolutionGuid = {B8365A64-5C14-4623-85BD-2C822EA42962}
	EndGlobalSection
EndGlobal
